
Microsoft Visual Studio Solution File, Format Version 12.00
# Visual Studio Version 16
VisualStudioVersion = 16.0.33920.266
MinimumVisualStudioVersion = 10.0.40219.1
Project("{9A19103F-16F7-4668-BE54-9A1E7A4F7556}") = "AnnexHotels", "AnnexHotels\AnnexHotels.csproj", "{4FE73F90-12E5-4734-A392-B6392E502568}"
EndProject
Project("{9A19103F-16F7-4668-BE54-9A1E7A4F7556}") = "AnnexHotels.Dtos", "AnnexHotels.Dtos\AnnexHotels.Dtos.csproj", "{3DAB2D80-F816-48F0-9A66-78634BBF8D37}"
EndProject
Project("{9A19103F-16F7-4668-BE54-9A1E7A4F7556}") = "AnnexHotels.Models", "AnnexHotels.Models\AnnexHotels.Models.csproj", "{C92055E5-F343-4E7D-9F34-B72C998DF7DB}"
EndProject
Project("{9A19103F-16F7-4668-BE54-9A1E7A4F7556}") = "AnnexHotels.Data", "AnnexHotels.Data\AnnexHotels.Data.csproj", "{FF153893-D7E6-4E1C-9944-82928CC44D6B}"
EndProject
Project("{9A19103F-16F7-4668-BE54-9A1E7A4F7556}") = "AnnexHotels.Utilities", "AnnexHotels.Utilities\AnnexHotels.Utilities.csproj", "{433F9330-321C-4008-AADD-3ADA62845DDD}"
EndProject
Project("{9A19103F-16F7-4668-BE54-9A1E7A4F7556}") = "AnnexHotels.Core", "AnnexHotels.Core\AnnexHotels.Core.csproj", "{C13494DA-CF17-40CB-BC89-F95BD920F052}"
EndProject
Global
	GlobalSection(SolutionConfigurationPlatforms) = preSolution
		Debug|Any CPU = Debug|Any CPU
		Release|Any CPU = Release|Any CPU
	EndGlobalSection
	GlobalSection(ProjectConfigurationPlatforms) = postSolution
		{4FE73F90-12E5-4734-A392-B6392E502568}.Debug|Any CPU.ActiveCfg = Debug|Any CPU
		{4FE73F90-12E5-4734-A392-B6392E502568}.Debug|Any CPU.Build.0 = Debug|Any CPU
		{4FE73F90-12E5-4734-A392-B6392E502568}.Release|Any CPU.ActiveCfg = Release|Any CPU
		{4FE73F90-12E5-4734-A392-B6392E502568}.Release|Any CPU.Build.0 = Release|Any CPU
		{3DAB2D80-F816-48F0-9A66-78634BBF8D37}.Debug|Any CPU.ActiveCfg = Debug|Any CPU
		{3DAB2D80-F816-48F0-9A66-78634BBF8D37}.Debug|Any CPU.Build.0 = Debug|Any CPU
		{3DAB2D80-F816-48F0-9A66-78634BBF8D37}.Release|Any CPU.ActiveCfg = Release|Any CPU
		{3DAB2D80-F816-48F0-9A66-78634BBF8D37}.Release|Any CPU.Build.0 = Release|Any CPU
		{C92055E5-F343-4E7D-9F34-B72C998DF7DB}.Debug|Any CPU.ActiveCfg = Debug|Any CPU
		{C92055E5-F343-4E7D-9F34-B72C998DF7DB}.Debug|Any CPU.Build.0 = Debug|Any CPU
		{C92055E5-F343-4E7D-9F34-B72C998DF7DB}.Release|Any CPU.ActiveCfg = Release|Any CPU
		{C92055E5-F343-4E7D-9F34-B72C998DF7DB}.Release|Any CPU.Build.0 = Release|Any CPU
		{FF153893-D7E6-4E1C-9944-82928CC44D6B}.Debug|Any CPU.ActiveCfg = Debug|Any CPU
		{FF153893-D7E6-4E1C-9944-82928CC44D6B}.Debug|Any CPU.Build.0 = Debug|Any CPU
		{FF153893-D7E6-4E1C-9944-82928CC44D6B}.Release|Any CPU.ActiveCfg = Release|Any CPU
		{FF153893-D7E6-4E1C-9944-82928CC44D6B}.Release|Any CPU.Build.0 = Release|Any CPU
		{433F9330-321C-4008-AADD-3ADA62845DDD}.Debug|Any CPU.ActiveCfg = Debug|Any CPU
		{433F9330-321C-4008-AADD-3ADA62845DDD}.Debug|Any CPU.Build.0 = Debug|Any CPU
		{433F9330-321C-4008-AADD-3ADA62845DDD}.Release|Any CPU.ActiveCfg = Release|Any CPU
		{433F9330-321C-4008-AADD-3ADA62845DDD}.Release|Any CPU.Build.0 = Release|Any CPU
		{C13494DA-CF17-40CB-BC89-F95BD920F052}.Debug|Any CPU.ActiveCfg = Debug|Any CPU
		{C13494DA-CF17-40CB-BC89-F95BD920F052}.Debug|Any CPU.Build.0 = Debug|Any CPU
		{C13494DA-CF17-40CB-BC89-F95BD920F052}.Release|Any CPU.ActiveCfg = Release|Any CPU
		{C13494DA-CF17-40CB-BC89-F95BD920F052}.Release|Any CPU.Build.0 = Release|Any CPU
	EndGlobalSection
	GlobalSection(SolutionProperties) = preSolution
		HideSolutionNode = FALSE
	EndGlobalSection
	GlobalSection(ExtensibilityGlobals) = postSolution
		SolutionGuid = {669D48B3-CAAF-48B4-B099-FBDC8D050145}
	EndGlobalSection
EndGlobal
